
Microsoft Visual Studio Solution File, Format Version 12.00
# Visual Studio Version 16
VisualStudioVersion = 16.0.30011.22
MinimumVisualStudioVersion = 10.0.40219.1
Project("{FAE04EC0-301F-11D3-BF4B-00C04F79EFBC}") = "Stormgine", "Stormgine\Stormgine.csproj", "{354E16A7-E049-45A7-8900-B1FB7884126A}"
EndProject
Global
	GlobalSection(SolutionConfigurationPlatforms) = preSolution
		Debug|Any CPU = Debug|Any CPU
		Release|Any CPU = Release|Any CPU
	EndGlobalSection
	GlobalSection(ProjectConfigurationPlatforms) = postSolution
		{354E16A7-E049-45A7-8900-B1FB7884126A}.Debug|Any CPU.ActiveCfg = Debug|Any CPU
		{354E16A7-E049-45A7-8900-B1FB7884126A}.Debug|Any CPU.Build.0 = Debug|Any CPU
		{354E16A7-E049-45A7-8900-B1FB7884126A}.Release|Any CPU.ActiveCfg = Release|Any CPU
		{354E16A7-E049-45A7-8900-B1FB7884126A}.Release|Any CPU.Build.0 = Release|Any CPU
	EndGlobalSection
	GlobalSection(SolutionProperties) = preSolution
		HideSolutionNode = FALSE
	EndGlobalSection
	GlobalSection(ExtensibilityGlobals) = postSolution
		SolutionGuid = {89A4CB10-EB0F-438F-B322-702CE42F5000}
	EndGlobalSection
EndGlobal
